
Microsoft Visual Studio Solution File, Format Version 12.00
# Visual Studio Version 16
VisualStudioVersion = 16.0.30204.135
MinimumVisualStudioVersion = 10.0.40219.1
Project("{FAE04EC0-301F-11D3-BF4B-00C04F79EFBC}") = "GameStore", "GameStore.csproj", "{0AF3CE2B-2A9A-44BE-828B-8D3AF80A4A3B}"
EndProject
Global
	GlobalSection(SolutionConfigurationPlatforms) = preSolution
		Debug|Any CPU = Debug|Any CPU
		Release|Any CPU = Release|Any CPU
	EndGlobalSection
	GlobalSection(ProjectConfigurationPlatforms) = postSolution
		{0AF3CE2B-2A9A-44BE-828B-8D3AF80A4A3B}.Debug|Any CPU.ActiveCfg = Debug|Any CPU
		{0AF3CE2B-2A9A-44BE-828B-8D3AF80A4A3B}.Debug|Any CPU.Build.0 = Debug|Any CPU
		{0AF3CE2B-2A9A-44BE-828B-8D3AF80A4A3B}.Release|Any CPU.ActiveCfg = Release|Any CPU
		{0AF3CE2B-2A9A-44BE-828B-8D3AF80A4A3B}.Release|Any CPU.Build.0 = Release|Any CPU
	EndGlobalSection
	GlobalSection(SolutionProperties) = preSolution
		HideSolutionNode = FALSE
	EndGlobalSection
	GlobalSection(ExtensibilityGlobals) = postSolution
		SolutionGuid = {7DC08743-354D-4588-B997-A3A15776A4AF}
	EndGlobalSection
EndGlobal
